
Microsoft Visual Studio Solution File, Format Version 12.00
# Visual Studio 15
VisualStudioVersion = 15.0.27428.2037
MinimumVisualStudioVersion = 10.0.40219.1
Project("{FAE04EC0-301F-11D3-BF4B-00C04F79EFBC}") = "Primer_Parcial", "Primer_Parcial\Primer_Parcial.csproj", "{A6AE096F-89C0-495A-8D4E-559B94010AC9}"
EndProject
Global
	GlobalSection(SolutionConfigurationPlatforms) = preSolution
		Debug|Any CPU = Debug|Any CPU
		Release|Any CPU = Release|Any CPU
	EndGlobalSection
	GlobalSection(ProjectConfigurationPlatforms) = postSolution
		{A6AE096F-89C0-495A-8D4E-559B94010AC9}.Debug|Any CPU.ActiveCfg = Debug|Any CPU
		{A6AE096F-89C0-495A-8D4E-559B94010AC9}.Debug|Any CPU.Build.0 = Debug|Any CPU
		{A6AE096F-89C0-495A-8D4E-559B94010AC9}.Release|Any CPU.ActiveCfg = Release|Any CPU
		{A6AE096F-89C0-495A-8D4E-559B94010AC9}.Release|Any CPU.Build.0 = Release|Any CPU
	EndGlobalSection
	GlobalSection(SolutionProperties) = preSolution
		HideSolutionNode = FALSE
	EndGlobalSection
	GlobalSection(ExtensibilityGlobals) = postSolution
		SolutionGuid = {160B628F-E8BD-4E17-8123-9433A6D2B9BA}
	EndGlobalSection
EndGlobal
